
Microsoft Visual Studio Solution File, Format Version 12.00
# Visual Studio Version 16
VisualStudioVersion = 16.0.31911.196
MinimumVisualStudioVersion = 10.0.40219.1
Project("{9A19103F-16F7-4668-BE54-9A1E7A4F7556}") = "Provis.WebApi", "Provis.WebApi\Provis.WebApi.csproj", "{4CB1B7EF-5AC0-44BB-BC58-D69FADED34E5}"
EndProject
Project("{9A19103F-16F7-4668-BE54-9A1E7A4F7556}") = "Provis.Core", "Provis.Core\Provis.Core.csproj", "{95AF25AA-9D30-414C-8EB0-D2081EB82900}"
EndProject
Project("{9A19103F-16F7-4668-BE54-9A1E7A4F7556}") = "Provis.Infrastructure", "Provis.Infrastructure\Provis.Infrastructure.csproj", "{78911F23-B7BB-412D-A210-6F4660EE8BBF}"
EndProject
Project("{2150E333-8FDC-42A3-9474-1A3956D46DE8}") = "Provis.Tests", "Provis.Tests", "{C6538AD8-185D-40BA-8E6A-467AD7AA21B8}"
EndProject
Project("{9A19103F-16F7-4668-BE54-9A1E7A4F7556}") = "Provis.UnitTests", "Provis.UnitTests\Provis.UnitTests.csproj", "{0BFC7293-2D0D-4BBE-8CB5-86EEC298DAC6}"
EndProject
Project("{FAE04EC0-301F-11D3-BF4B-00C04F79EFBC}") = "Provis.IntegrationTest", "Provis.IntegrationTest\Provis.IntegrationTest.csproj", "{A345D14F-3D5E-4660-B0CD-4EA468CDA62D}"
EndProject
Global
	GlobalSection(SolutionConfigurationPlatforms) = preSolution
		Debug|Any CPU = Debug|Any CPU
		Release|Any CPU = Release|Any CPU
	EndGlobalSection
	GlobalSection(ProjectConfigurationPlatforms) = postSolution
		{4CB1B7EF-5AC0-44BB-BC58-D69FADED34E5}.Debug|Any CPU.ActiveCfg = Debug|Any CPU
		{4CB1B7EF-5AC0-44BB-BC58-D69FADED34E5}.Debug|Any CPU.Build.0 = Debug|Any CPU
		{4CB1B7EF-5AC0-44BB-BC58-D69FADED34E5}.Release|Any CPU.ActiveCfg = Release|Any CPU
		{4CB1B7EF-5AC0-44BB-BC58-D69FADED34E5}.Release|Any CPU.Build.0 = Release|Any CPU
		{95AF25AA-9D30-414C-8EB0-D2081EB82900}.Debug|Any CPU.ActiveCfg = Debug|Any CPU
		{95AF25AA-9D30-414C-8EB0-D2081EB82900}.Debug|Any CPU.Build.0 = Debug|Any CPU
		{95AF25AA-9D30-414C-8EB0-D2081EB82900}.Release|Any CPU.ActiveCfg = Release|Any CPU
		{95AF25AA-9D30-414C-8EB0-D2081EB82900}.Release|Any CPU.Build.0 = Release|Any CPU
		{78911F23-B7BB-412D-A210-6F4660EE8BBF}.Debug|Any CPU.ActiveCfg = Debug|Any CPU
		{78911F23-B7BB-412D-A210-6F4660EE8BBF}.Debug|Any CPU.Build.0 = Debug|Any CPU
		{78911F23-B7BB-412D-A210-6F4660EE8BBF}.Release|Any CPU.ActiveCfg = Release|Any CPU
		{78911F23-B7BB-412D-A210-6F4660EE8BBF}.Release|Any CPU.Build.0 = Release|Any CPU
		{0BFC7293-2D0D-4BBE-8CB5-86EEC298DAC6}.Debug|Any CPU.ActiveCfg = Debug|Any CPU
		{0BFC7293-2D0D-4BBE-8CB5-86EEC298DAC6}.Debug|Any CPU.Build.0 = Debug|Any CPU
		{0BFC7293-2D0D-4BBE-8CB5-86EEC298DAC6}.Release|Any CPU.ActiveCfg = Release|Any CPU
		{0BFC7293-2D0D-4BBE-8CB5-86EEC298DAC6}.Release|Any CPU.Build.0 = Release|Any CPU
		{A345D14F-3D5E-4660-B0CD-4EA468CDA62D}.Debug|Any CPU.ActiveCfg = Debug|Any CPU
		{A345D14F-3D5E-4660-B0CD-4EA468CDA62D}.Debug|Any CPU.Build.0 = Debug|Any CPU
		{A345D14F-3D5E-4660-B0CD-4EA468CDA62D}.Release|Any CPU.ActiveCfg = Release|Any CPU
		{A345D14F-3D5E-4660-B0CD-4EA468CDA62D}.Release|Any CPU.Build.0 = Release|Any CPU
	EndGlobalSection
	GlobalSection(SolutionProperties) = preSolution
		HideSolutionNode = FALSE
	EndGlobalSection
	GlobalSection(NestedProjects) = preSolution
		{0BFC7293-2D0D-4BBE-8CB5-86EEC298DAC6} = {C6538AD8-185D-40BA-8E6A-467AD7AA21B8}
		{A345D14F-3D5E-4660-B0CD-4EA468CDA62D} = {C6538AD8-185D-40BA-8E6A-467AD7AA21B8}
	EndGlobalSection
	GlobalSection(ExtensibilityGlobals) = postSolution
		SolutionGuid = {4217134E-BF1A-4946-8AE6-591EB85C3F10}
	EndGlobalSection
EndGlobal
